
Microsoft Visual Studio Solution File, Format Version 12.00
# Visual Studio Version 16
VisualStudioVersion = 16.0.31019.35
MinimumVisualStudioVersion = 10.0.40219.1
Project("{FAE04EC0-301F-11D3-BF4B-00C04F79EFBC}") = "DemoApp", "DemoApp\DemoApp.csproj", "{D94349D4-01AB-4F62-9FC7-69F5C87ECE2E}"
EndProject
Global
	GlobalSection(SolutionConfigurationPlatforms) = preSolution
		Debug|Any CPU = Debug|Any CPU
		Release|Any CPU = Release|Any CPU
	EndGlobalSection
	GlobalSection(ProjectConfigurationPlatforms) = postSolution
		{D94349D4-01AB-4F62-9FC7-69F5C87ECE2E}.Debug|Any CPU.ActiveCfg = Debug|Any CPU
		{D94349D4-01AB-4F62-9FC7-69F5C87ECE2E}.Debug|Any CPU.Build.0 = Debug|Any CPU
		{D94349D4-01AB-4F62-9FC7-69F5C87ECE2E}.Release|Any CPU.ActiveCfg = Release|Any CPU
		{D94349D4-01AB-4F62-9FC7-69F5C87ECE2E}.Release|Any CPU.Build.0 = Release|Any CPU
	EndGlobalSection
	GlobalSection(SolutionProperties) = preSolution
		HideSolutionNode = FALSE
	EndGlobalSection
	GlobalSection(ExtensibilityGlobals) = postSolution
		SolutionGuid = {EBDEDC8C-91DB-4D57-AFA8-7C0746FCAD79}
	EndGlobalSection
EndGlobal
